
Microsoft Visual Studio Solution File, Format Version 12.00
# Visual Studio Version 17
VisualStudioVersion = 17.4.33205.214
MinimumVisualStudioVersion = 10.0.40219.1
Project("{9A19103F-16F7-4668-BE54-9A1E7A4F7556}") = "Architect", "Architect.csproj", "{28796122-94B6-420D-BBF1-23E3E8E56165}"
EndProject
Global
	GlobalSection(SolutionConfigurationPlatforms) = preSolution
		Debug|Any CPU = Debug|Any CPU
		Release|Any CPU = Release|Any CPU
	EndGlobalSection
	GlobalSection(ProjectConfigurationPlatforms) = postSolution
		{28796122-94B6-420D-BBF1-23E3E8E56165}.Debug|Any CPU.ActiveCfg = Debug|Any CPU
		{28796122-94B6-420D-BBF1-23E3E8E56165}.Debug|Any CPU.Build.0 = Debug|Any CPU
		{28796122-94B6-420D-BBF1-23E3E8E56165}.Release|Any CPU.ActiveCfg = Release|Any CPU
		{28796122-94B6-420D-BBF1-23E3E8E56165}.Release|Any CPU.Build.0 = Release|Any CPU
	EndGlobalSection
	GlobalSection(SolutionProperties) = preSolution
		HideSolutionNode = FALSE
	EndGlobalSection
	GlobalSection(ExtensibilityGlobals) = postSolution
		SolutionGuid = {1F5C1BF1-EFF1-4A5E-8643-F67DB9455D20}
	EndGlobalSection
EndGlobal
